
Microsoft Visual Studio Solution File, Format Version 12.00
# Visual Studio Version 16
VisualStudioVersion = 16.0.30717.126
MinimumVisualStudioVersion = 10.0.40219.1
Project("{8BC9CEB8-8B4A-11D0-8D11-00A0C91BC942}") = "Homework1", "Homework1.vcxproj", "{CC6B90EB-859D-4CAE-93BD-5A441072B393}"
EndProject
Global
	GlobalSection(SolutionConfigurationPlatforms) = preSolution
		Debug|x64 = Debug|x64
		Debug|x86 = Debug|x86
		Release|x64 = Release|x64
		Release|x86 = Release|x86
	EndGlobalSection
	GlobalSection(ProjectConfigurationPlatforms) = postSolution
		{CC6B90EB-859D-4CAE-93BD-5A441072B393}.Debug|x64.ActiveCfg = Debug|x64
		{CC6B90EB-859D-4CAE-93BD-5A441072B393}.Debug|x64.Build.0 = Debug|x64
		{CC6B90EB-859D-4CAE-93BD-5A441072B393}.Debug|x86.ActiveCfg = Debug|Win32
		{CC6B90EB-859D-4CAE-93BD-5A441072B393}.Debug|x86.Build.0 = Debug|Win32
		{CC6B90EB-859D-4CAE-93BD-5A441072B393}.Release|x64.ActiveCfg = Release|x64
		{CC6B90EB-859D-4CAE-93BD-5A441072B393}.Release|x64.Build.0 = Release|x64
		{CC6B90EB-859D-4CAE-93BD-5A441072B393}.Release|x86.ActiveCfg = Release|Win32
		{CC6B90EB-859D-4CAE-93BD-5A441072B393}.Release|x86.Build.0 = Release|Win32
	EndGlobalSection
	GlobalSection(SolutionProperties) = preSolution
		HideSolutionNode = FALSE
	EndGlobalSection
	GlobalSection(ExtensibilityGlobals) = postSolution
		SolutionGuid = {F909094F-EC70-4C86-AB6A-533D81D56C82}
	EndGlobalSection
EndGlobal
